
Microsoft Visual Studio Solution File, Format Version 12.00
# Visual Studio Version 17
VisualStudioVersion = 17.3.32929.385
MinimumVisualStudioVersion = 10.0.40219.1
Project("{FAE04EC0-301F-11D3-BF4B-00C04F79EFBC}") = "cin_zodyagi", "cin_zodyagi\cin_zodyagi.csproj", "{8BDD0EEE-C8F0-4D91-8827-02138FD2317B}"
EndProject
Global
	GlobalSection(SolutionConfigurationPlatforms) = preSolution
		Debug|Any CPU = Debug|Any CPU
		Release|Any CPU = Release|Any CPU
	EndGlobalSection
	GlobalSection(ProjectConfigurationPlatforms) = postSolution
		{8BDD0EEE-C8F0-4D91-8827-02138FD2317B}.Debug|Any CPU.ActiveCfg = Debug|Any CPU
		{8BDD0EEE-C8F0-4D91-8827-02138FD2317B}.Debug|Any CPU.Build.0 = Debug|Any CPU
		{8BDD0EEE-C8F0-4D91-8827-02138FD2317B}.Release|Any CPU.ActiveCfg = Release|Any CPU
		{8BDD0EEE-C8F0-4D91-8827-02138FD2317B}.Release|Any CPU.Build.0 = Release|Any CPU
	EndGlobalSection
	GlobalSection(SolutionProperties) = preSolution
		HideSolutionNode = FALSE
	EndGlobalSection
	GlobalSection(ExtensibilityGlobals) = postSolution
		SolutionGuid = {334D7619-F8AD-4DF4-B304-C138CF463782}
	EndGlobalSection
EndGlobal
