
Microsoft Visual Studio Solution File, Format Version 12.00
# Visual Studio Version 17
VisualStudioVersion = 17.3.32929.385
MinimumVisualStudioVersion = 10.0.40219.1
Project("{FAE04EC0-301F-11D3-BF4B-00C04F79EFBC}") = "Artik_yil", "Artik_yil\Artik_yil.csproj", "{1B01CFA4-21A7-4F39-8106-A2654345842A}"
EndProject
Global
	GlobalSection(SolutionConfigurationPlatforms) = preSolution
		Debug|Any CPU = Debug|Any CPU
		Release|Any CPU = Release|Any CPU
	EndGlobalSection
	GlobalSection(ProjectConfigurationPlatforms) = postSolution
		{1B01CFA4-21A7-4F39-8106-A2654345842A}.Debug|Any CPU.ActiveCfg = Debug|Any CPU
		{1B01CFA4-21A7-4F39-8106-A2654345842A}.Debug|Any CPU.Build.0 = Debug|Any CPU
		{1B01CFA4-21A7-4F39-8106-A2654345842A}.Release|Any CPU.ActiveCfg = Release|Any CPU
		{1B01CFA4-21A7-4F39-8106-A2654345842A}.Release|Any CPU.Build.0 = Release|Any CPU
	EndGlobalSection
	GlobalSection(SolutionProperties) = preSolution
		HideSolutionNode = FALSE
	EndGlobalSection
	GlobalSection(ExtensibilityGlobals) = postSolution
		SolutionGuid = {17EFB51B-D24C-4CFD-8780-3C52D001D35E}
	EndGlobalSection
EndGlobal
