
Microsoft Visual Studio Solution File, Format Version 12.00
# Visual Studio Version 17
VisualStudioVersion = 17.3.32929.385
MinimumVisualStudioVersion = 10.0.40219.1
Project("{FAE04EC0-301F-11D3-BF4B-00C04F79EFBC}") = "Dik_ucgen_hesaplama", "Dik_ucgen_hesaplama\Dik_ucgen_hesaplama.csproj", "{C1D7B919-8BAD-4FFA-8734-AE9BE2A669FE}"
EndProject
Global
	GlobalSection(SolutionConfigurationPlatforms) = preSolution
		Debug|Any CPU = Debug|Any CPU
		Release|Any CPU = Release|Any CPU
	EndGlobalSection
	GlobalSection(ProjectConfigurationPlatforms) = postSolution
		{C1D7B919-8BAD-4FFA-8734-AE9BE2A669FE}.Debug|Any CPU.ActiveCfg = Debug|Any CPU
		{C1D7B919-8BAD-4FFA-8734-AE9BE2A669FE}.Debug|Any CPU.Build.0 = Debug|Any CPU
		{C1D7B919-8BAD-4FFA-8734-AE9BE2A669FE}.Release|Any CPU.ActiveCfg = Release|Any CPU
		{C1D7B919-8BAD-4FFA-8734-AE9BE2A669FE}.Release|Any CPU.Build.0 = Release|Any CPU
	EndGlobalSection
	GlobalSection(SolutionProperties) = preSolution
		HideSolutionNode = FALSE
	EndGlobalSection
	GlobalSection(ExtensibilityGlobals) = postSolution
		SolutionGuid = {DB021AA3-14B3-4D16-834A-69DFA9A39E3A}
	EndGlobalSection
EndGlobal
