
Microsoft Visual Studio Solution File, Format Version 12.00
# Visual Studio Version 17
VisualStudioVersion = 17.3.32929.385
MinimumVisualStudioVersion = 10.0.40219.1
Project("{FAE04EC0-301F-11D3-BF4B-00C04F79EFBC}") = "manav_kasa_programi", "manav_kasa_programi\manav_kasa_programi.csproj", "{63DC5F9B-50FF-4C30-8A7E-B184BA6AEDEB}"
EndProject
Global
	GlobalSection(SolutionConfigurationPlatforms) = preSolution
		Debug|Any CPU = Debug|Any CPU
		Release|Any CPU = Release|Any CPU
	EndGlobalSection
	GlobalSection(ProjectConfigurationPlatforms) = postSolution
		{63DC5F9B-50FF-4C30-8A7E-B184BA6AEDEB}.Debug|Any CPU.ActiveCfg = Debug|Any CPU
		{63DC5F9B-50FF-4C30-8A7E-B184BA6AEDEB}.Debug|Any CPU.Build.0 = Debug|Any CPU
		{63DC5F9B-50FF-4C30-8A7E-B184BA6AEDEB}.Release|Any CPU.ActiveCfg = Release|Any CPU
		{63DC5F9B-50FF-4C30-8A7E-B184BA6AEDEB}.Release|Any CPU.Build.0 = Release|Any CPU
	EndGlobalSection
	GlobalSection(SolutionProperties) = preSolution
		HideSolutionNode = FALSE
	EndGlobalSection
	GlobalSection(ExtensibilityGlobals) = postSolution
		SolutionGuid = {B1AFAB2E-DA44-455E-A9A1-096B27BC3D79}
	EndGlobalSection
EndGlobal
